
Microsoft Visual Studio Solution File, Format Version 12.00
# Visual Studio Version 17
VisualStudioVersion = 17.12.35707.178 d17.12
MinimumVisualStudioVersion = 10.0.40219.1
Project("{FAE04EC0-301F-11D3-BF4B-00C04F79EFBC}") = "e-Bazaar.API", "e-Bazaar.API\e-Bazaar.API.csproj", "{7FD563D8-DDE9-4342-B486-763E0FFCA0EE}"
EndProject
Project("{2150E333-8FDC-42A3-9474-1A3956D46DE8}") = "Server", "Server", "{FAF4BD52-9E5B-4D7A-B6B6-66A31DC6B1BF}"
EndProject
Project("{2150E333-8FDC-42A3-9474-1A3956D46DE8}") = "Client", "Client", "{5290ECB4-051F-4ACF-A47A-59C86B8AE300}"
EndProject
Project("{FAE04EC0-301F-11D3-BF4B-00C04F79EFBC}") = "e-Bazaar.Client", "e-Bazaar.Client\e-Bazaar.Client.csproj", "{542CC257-9D9E-4E53-850D-F967D8198B8F}"
EndProject
Global
	GlobalSection(SolutionConfigurationPlatforms) = preSolution
		Debug|Any CPU = Debug|Any CPU
		Release|Any CPU = Release|Any CPU
	EndGlobalSection
	GlobalSection(ProjectConfigurationPlatforms) = postSolution
		{7FD563D8-DDE9-4342-B486-763E0FFCA0EE}.Debug|Any CPU.ActiveCfg = Debug|Any CPU
		{7FD563D8-DDE9-4342-B486-763E0FFCA0EE}.Debug|Any CPU.Build.0 = Debug|Any CPU
		{7FD563D8-DDE9-4342-B486-763E0FFCA0EE}.Release|Any CPU.ActiveCfg = Release|Any CPU
		{7FD563D8-DDE9-4342-B486-763E0FFCA0EE}.Release|Any CPU.Build.0 = Release|Any CPU
		{542CC257-9D9E-4E53-850D-F967D8198B8F}.Debug|Any CPU.ActiveCfg = Debug|Any CPU
		{542CC257-9D9E-4E53-850D-F967D8198B8F}.Debug|Any CPU.Build.0 = Debug|Any CPU
		{542CC257-9D9E-4E53-850D-F967D8198B8F}.Release|Any CPU.ActiveCfg = Release|Any CPU
		{542CC257-9D9E-4E53-850D-F967D8198B8F}.Release|Any CPU.Build.0 = Release|Any CPU
	EndGlobalSection
	GlobalSection(SolutionProperties) = preSolution
		HideSolutionNode = FALSE
	EndGlobalSection
	GlobalSection(NestedProjects) = preSolution
		{7FD563D8-DDE9-4342-B486-763E0FFCA0EE} = {FAF4BD52-9E5B-4D7A-B6B6-66A31DC6B1BF}
		{542CC257-9D9E-4E53-850D-F967D8198B8F} = {5290ECB4-051F-4ACF-A47A-59C86B8AE300}
	EndGlobalSection
EndGlobal
